
Microsoft Visual Studio Solution File, Format Version 12.00
# Visual Studio Version 16
VisualStudioVersion = 16.0.30523.141
MinimumVisualStudioVersion = 10.0.40219.1
Project("{FAE04EC0-301F-11D3-BF4B-00C04F79EFBC}") = "DLTP_Assignment_02", "DLTP_Assignment_02.csproj", "{053CF3AD-4DC2-4D28-A4DB-01EC26E31E1B}"
EndProject
Global
	GlobalSection(SolutionConfigurationPlatforms) = preSolution
		Debug|Any CPU = Debug|Any CPU
		Release|Any CPU = Release|Any CPU
	EndGlobalSection
	GlobalSection(ProjectConfigurationPlatforms) = postSolution
		{053CF3AD-4DC2-4D28-A4DB-01EC26E31E1B}.Debug|Any CPU.ActiveCfg = Debug|Any CPU
		{053CF3AD-4DC2-4D28-A4DB-01EC26E31E1B}.Debug|Any CPU.Build.0 = Debug|Any CPU
		{053CF3AD-4DC2-4D28-A4DB-01EC26E31E1B}.Release|Any CPU.ActiveCfg = Release|Any CPU
		{053CF3AD-4DC2-4D28-A4DB-01EC26E31E1B}.Release|Any CPU.Build.0 = Release|Any CPU
	EndGlobalSection
	GlobalSection(SolutionProperties) = preSolution
		HideSolutionNode = FALSE
	EndGlobalSection
	GlobalSection(ExtensibilityGlobals) = postSolution
		SolutionGuid = {2214FD2C-B975-44C8-861F-70BAB74287F6}
	EndGlobalSection
EndGlobal
